// !$*UTF8*$!
{
	archiveVersion = 1;
	classes = {
	};
	objectVersion = 46;
	objects = {

/* Begin PBXBuildFile section */
		540A5C4119ACAA4F00D46573 /* Storyboard.storyboard in Resources */ = {isa = PBXBuildFile; fileRef = 540A5C4019ACAA4F00D46573 /* Storyboard.storyboard */; };
		540A5C4419ACB15000D46573 /* ScanViewController.m in Sources */ = {isa = PBXBuildFile; fileRef = 540A5C4319ACB15000D46573 /* ScanViewController.m */; };
		540A5C4719AD1B4100D46573 /* MainViewController.m in Sources */ = {isa = PBXBuildFile; fileRef = 540A5C4619AD1B4100D46573 /* MainViewController.m */; };
		541E10EA19ACA2F600758648 /* Foundation.framework in Frameworks */ = {isa = PBXBuildFile; fileRef = 541E10E919ACA2F600758648 /* Foundation.framework */; };
		541E10EC19ACA2F600758648 /* CoreGraphics.framework in Frameworks */ = {isa = PBXBuildFile; fileRef = 541E10EB19ACA2F600758648 /* CoreGraphics.framework */; };
		541E10EE19ACA2F600758648 /* UIKit.framework in Frameworks */ = {isa = PBXBuildFile; fileRef = 541E10ED19ACA2F600758648 /* UIKit.framework */; };
		541E10F419ACA2F600758648 /* InfoPlist.strings in Resources */ = {isa = PBXBuildFile; fileRef = 541E10F219ACA2F600758648 /* InfoPlist.strings */; };
		541E10F619ACA2F600758648 /* main.m in Sources */ = {isa = PBXBuildFile; fileRef = 541E10F519ACA2F600758648 /* main.m */; };
		541E10FA19ACA2F600758648 /* AppDelegate.m in Sources */ = {isa = PBXBuildFile; fileRef = 541E10F919ACA2F600758648 /* AppDelegate.m */; };
		541E10FC19ACA2F600758648 /* Images.xcassets in Resources */ = {isa = PBXBuildFile; fileRef = 541E10FB19ACA2F600758648 /* Images.xcassets */; };
		541E110319ACA2F600758648 /* XCTest.framework in Frameworks */ = {isa = PBXBuildFile; fileRef = 541E110219ACA2F600758648 /* XCTest.framework */; };
		541E110419ACA2F600758648 /* Foundation.framework in Frameworks */ = {isa = PBXBuildFile; fileRef = 541E10E919ACA2F600758648 /* Foundation.framework */; };
		541E110519ACA2F600758648 /* UIKit.framework in Frameworks */ = {isa = PBXBuildFile; fileRef = 541E10ED19ACA2F600758648 /* UIKit.framework */; };
		541E110D19ACA2F600758648 /* InfoPlist.strings in Resources */ = {isa = PBXBuildFile; fileRef = 541E110B19ACA2F600758648 /* InfoPlist.strings */; };
		541E110F19ACA2F600758648 /* poappTests.m in Sources */ = {isa = PBXBuildFile; fileRef = 541E110E19ACA2F600758648 /* poappTests.m */; };
		546AFA2C19AF4B1B0000FC87 /* ProductTableViewController.m in Sources */ = {isa = PBXBuildFile; fileRef = 546AFA2B19AF4B1B0000FC87 /* ProductTableViewController.m */; };
		54D41C2819ADF1D400E72677 /* CoreData.framework in Frameworks */ = {isa = PBXBuildFile; fileRef = 54D41C2719ADF1D400E72677 /* CoreData.framework */; };
		54D41C2E19ADF25400E72677 /* Products.xcdatamodeld in Sources */ = {isa = PBXBuildFile; fileRef = 54D41C2C19ADF25400E72677 /* Products.xcdatamodeld */; };
/* End PBXBuildFile section */

/* Begin PBXContainerItemProxy section */
		541E110619ACA2F600758648 /* PBXContainerItemProxy */ = {
			isa = PBXContainerItemProxy;
			containerPortal = 541E10DE19ACA2F600758648 /* Project object */;
			proxyType = 1;
			remoteGlobalIDString = 541E10E519ACA2F600758648;
			remoteInfo = poapp;
		};
/* End PBXContainerItemProxy section */

/* Begin PBXFileReference section */
		540A5C4019ACAA4F00D46573 /* Storyboard.storyboard */ = {isa = PBXFileReference; fileEncoding = 4; lastKnownFileType = file.storyboard; path = Storyboard.storyboard; sourceTree = "<group>"; };
		540A5C4219ACB15000D46573 /* ScanViewController.h */ = {isa = PBXFileReference; fileEncoding = 4; lastKnownFileType = sourcecode.c.h; path = ScanViewController.h; sourceTree = "<group>"; };
		540A5C4319ACB15000D46573 /* ScanViewController.m */ = {isa = PBXFileReference; fileEncoding = 4; lastKnownFileType = sourcecode.c.objc; path = ScanViewController.m; sourceTree = "<group>"; };
		540A5C4519AD1B4100D46573 /* MainViewController.h */ = {isa = PBXFileReference; fileEncoding = 4; lastKnownFileType = sourcecode.c.h; path = MainViewController.h; sourceTree = "<group>"; };
		540A5C4619AD1B4100D46573 /* MainViewController.m */ = {isa = PBXFileReference; fileEncoding = 4; lastKnownFileType = sourcecode.c.objc; path = MainViewController.m; sourceTree = "<group>"; };
		541E10E619ACA2F600758648 /* poapp.app */ = {isa = PBXFileReference; explicitFileType = wrapper.application; includeInIndex = 0; path = poapp.app; sourceTree = BUILT_PRODUCTS_DIR; };
		541E10E919ACA2F600758648 /* Foundation.framework */ = {isa = PBXFileReference; lastKnownFileType = wrapper.framework; name = Foundation.framework; path = System/Library/Frameworks/Foundation.framework; sourceTree = SDKROOT; };
		541E10EB19ACA2F600758648 /* CoreGraphics.framework */ = {isa = PBXFileReference; lastKnownFileType = wrapper.framework; name = CoreGraphics.framework; path = System/Library/Frameworks/CoreGraphics.framework; sourceTree = SDKROOT; };
		541E10ED19ACA2F600758648 /* UIKit.framework */ = {isa = PBXFileReference; lastKnownFileType = wrapper.framework; name = UIKit.framework; path = System/Library/Frameworks/UIKit.framework; sourceTree = SDKROOT; };
		541E10F119ACA2F600758648 /* poapp-Info.plist */ = {isa = PBXFileReference; lastKnownFileType = text.plist.xml; path = "poapp-Info.plist"; sourceTree = "<group>"; };
		541E10F319ACA2F600758648 /* en */ = {isa = PBXFileReference; lastKnownFileType = text.plist.strings; name = en; path = en.lproj/InfoPlist.strings; sourceTree = "<group>"; };
		541E10F519ACA2F600758648 /* main.m */ = {isa = PBXFileReference; lastKnownFileType = sourcecode.c.objc; path = main.m; sourceTree = "<group>"; };
		541E10F719ACA2F600758648 /* poapp-Prefix.pch */ = {isa = PBXFileReference; lastKnownFileType = sourcecode.c.h; path = "poapp-Prefix.pch"; sourceTree = "<group>"; };
		541E10F819ACA2F600758648 /* AppDelegate.h */ = {isa = PBXFileReference; lastKnownFileType = sourcecode.c.h; path = AppDelegate.h; sourceTree = "<group>"; };
		541E10F919ACA2F600758648 /* AppDelegate.m */ = {isa = PBXFileReference; lastKnownFileType = sourcecode.c.objc; path = AppDelegate.m; sourceTree = "<group>"; };
		541E10FB19ACA2F600758648 /* Images.xcassets */ = {isa = PBXFileReference; lastKnownFileType = folder.assetcatalog; path = Images.xcassets; sourceTree = "<group>"; };
		541E110119ACA2F600758648 /* poappTests.xctest */ = {isa = PBXFileReference; explicitFileType = wrapper.cfbundle; includeInIndex = 0; path = poappTests.xctest; sourceTree = BUILT_PRODUCTS_DIR; };
		541E110219ACA2F600758648 /* XCTest.framework */ = {isa = PBXFileReference; lastKnownFileType = wrapper.framework; name = XCTest.framework; path = Library/Frameworks/XCTest.framework; sourceTree = DEVELOPER_DIR; };
		541E110A19ACA2F600758648 /* poappTests-Info.plist */ = {isa = PBXFileReference; lastKnownFileType = text.plist.xml; path = "poappTests-Info.plist"; sourceTree = "<group>"; };
		541E110C19ACA2F600758648 /* en */ = {isa = PBXFileReference; lastKnownFileType = text.plist.strings; name = en; path = en.lproj/InfoPlist.strings; sourceTree = "<group>"; };
		541E110E19ACA2F600758648 /* poappTests.m */ = {isa = PBXFileReference; lastKnownFileType = sourcecode.c.objc; path = poappTests.m; sourceTree = "<group>"; };
		546AFA2A19AF4B1B0000FC87 /* ProductTableViewController.h */ = {isa = PBXFileReference; fileEncoding = 4; lastKnownFileType = sourcecode.c.h; path = ProductTableViewController.h; sourceTree = "<group>"; };
		546AFA2B19AF4B1B0000FC87 /* ProductTableViewController.m */ = {isa = PBXFileReference; fileEncoding = 4; lastKnownFileType = sourcecode.c.objc; path = ProductTableViewController.m; sourceTree = "<group>"; };
		54D41C2719ADF1D400E72677 /* CoreData.framework */ = {isa = PBXFileReference; lastKnownFileType = wrapper.framework; name = CoreData.framework; path = System/Library/Frameworks/CoreData.framework; sourceTree = SDKROOT; };
		54D41C2D19ADF25400E72677 /* Products.xcdatamodel */ = {isa = PBXFileReference; lastKnownFileType = wrapper.xcdatamodel; path = Products.xcdatamodel; sourceTree = "<group>"; };
/* End PBXFileReference section */

/* Begin PBXFrameworksBuildPhase section */
		541E10E319ACA2F600758648 /* Frameworks */ = {
			isa = PBXFrameworksBuildPhase;
			buildActionMask = 2147483647;
			files = (
				54D41C2819ADF1D400E72677 /* CoreData.framework in Frameworks */,
				541E10EC19ACA2F600758648 /* CoreGraphics.framework in Frameworks */,
				541E10EE19ACA2F600758648 /* UIKit.framework in Frameworks */,
				541E10EA19ACA2F600758648 /* Foundation.framework in Frameworks */,
			);
			runOnlyForDeploymentPostprocessing = 0;
		};
		541E10FE19ACA2F600758648 /* Frameworks */ = {
			isa = PBXFrameworksBuildPhase;
			buildActionMask = 2147483647;
			files = (
				541E110319ACA2F600758648 /* XCTest.framework in Frameworks */,
				541E110519ACA2F600758648 /* UIKit.framework in Frameworks */,
				541E110419ACA2F600758648 /* Foundation.framework in Frameworks */,
			);
			runOnlyForDeploymentPostprocessing = 0;
		};
/* End PBXFrameworksBuildPhase section */

/* Begin PBXGroup section */
		541E10DD19ACA2F600758648 = {
			isa = PBXGroup;
			children = (
				541E10EF19ACA2F600758648 /* poapp */,
				541E110819ACA2F600758648 /* poappTests */,
				541E10E819ACA2F600758648 /* Frameworks */,
				541E10E719ACA2F600758648 /* Products */,
			);
			sourceTree = "<group>";
		};
		541E10E719ACA2F600758648 /* Products */ = {
			isa = PBXGroup;
			children = (
				541E10E619ACA2F600758648 /* poapp.app */,
				541E110119ACA2F600758648 /* poappTests.xctest */,
			);
			name = Products;
			sourceTree = "<group>";
		};
		541E10E819ACA2F600758648 /* Frameworks */ = {
			isa = PBXGroup;
			children = (
				54D41C2719ADF1D400E72677 /* CoreData.framework */,
				541E10E919ACA2F600758648 /* Foundation.framework */,
				541E10EB19ACA2F600758648 /* CoreGraphics.framework */,
				541E10ED19ACA2F600758648 /* UIKit.framework */,
				541E110219ACA2F600758648 /* XCTest.framework */,
			);
			name = Frameworks;
			sourceTree = "<group>";
		};
		541E10EF19ACA2F600758648 /* poapp */ = {
			isa = PBXGroup;
			children = (
				54D41C2C19ADF25400E72677 /* Products.xcdatamodeld */,
				541E10F819ACA2F600758648 /* AppDelegate.h */,
				541E10F919ACA2F600758648 /* AppDelegate.m */,
				540A5C4019ACAA4F00D46573 /* Storyboard.storyboard */,
				546AFA2A19AF4B1B0000FC87 /* ProductTableViewController.h */,
				546AFA2B19AF4B1B0000FC87 /* ProductTableViewController.m */,
				540A5C4219ACB15000D46573 /* ScanViewController.h */,
				540A5C4319ACB15000D46573 /* ScanViewController.m */,
				540A5C4519AD1B4100D46573 /* MainViewController.h */,
				540A5C4619AD1B4100D46573 /* MainViewController.m */,
				541E10FB19ACA2F600758648 /* Images.xcassets */,
				541E10F019ACA2F600758648 /* Supporting Files */,
			);
			path = poapp;
			sourceTree = "<group>";
		};
		541E10F019ACA2F600758648 /* Supporting Files */ = {
			isa = PBXGroup;
			children = (
				541E10F119ACA2F600758648 /* poapp-Info.plist */,
				541E10F219ACA2F600758648 /* InfoPlist.strings */,
				541E10F519ACA2F600758648 /* main.m */,
				541E10F719ACA2F600758648 /* poapp-Prefix.pch */,
			);
			name = "Supporting Files";
			sourceTree = "<group>";
		};
		541E110819ACA2F600758648 /* poappTests */ = {
			isa = PBXGroup;
			children = (
				541E110E19ACA2F600758648 /* poappTests.m */,
				541E110919ACA2F600758648 /* Supporting Files */,
			);
			path = poappTests;
			sourceTree = "<group>";
		};
		541E110919ACA2F600758648 /* Supporting Files */ = {
			isa = PBXGroup;
			children = (
				541E110A19ACA2F600758648 /* poappTests-Info.plist */,
				541E110B19ACA2F600758648 /* InfoPlist.strings */,
			);
			name = "Supporting Files";
			sourceTree = "<group>";
		};
/* End PBXGroup section */

/* Begin PBXNativeTarget section */
		541E10E519ACA2F600758648 /* poapp */ = {
			isa = PBXNativeTarget;
			buildConfigurationList = 541E111219ACA2F600758648 /* Build configuration list for PBXNativeTarget "poapp" */;
			buildPhases = (
				541E10E219ACA2F600758648 /* Sources */,
				541E10E319ACA2F600758648 /* Frameworks */,
				541E10E419ACA2F600758648 /* Resources */,
			);
			buildRules = (
			);
			dependencies = (
			);
			name = poapp;
			productName = poapp;
			productReference = 541E10E619ACA2F600758648 /* poapp.app */;
			productType = "com.apple.product-type.application";
		};
		541E110019ACA2F600758648 /* poappTests */ = {
			isa = PBXNativeTarget;
			buildConfigurationList = 541E111519ACA2F600758648 /* Build configuration list for PBXNativeTarget "poappTests" */;
			buildPhases = (
				541E10FD19ACA2F600758648 /* Sources */,
				541E10FE19ACA2F600758648 /* Frameworks */,
				541E10FF19ACA2F600758648 /* Resources */,
			);
			buildRules = (
			);
			dependencies = (
				541E110719ACA2F600758648 /* PBXTargetDependency */,
			);
			name = poappTests;
			productName = poappTests;
			productReference = 541E110119ACA2F600758648 /* poappTests.xctest */;
			productType = "com.apple.product-type.bundle.unit-test";
		};
/* End PBXNativeTarget section */

/* Begin PBXProject section */
		541E10DE19ACA2F600758648 /* Project object */ = {
			isa = PBXProject;
			attributes = {
				LastUpgradeCheck = 0510;
				ORGANIZATIONNAME = "Audun Halland";
				TargetAttributes = {
					541E110019ACA2F600758648 = {
						TestTargetID = 541E10E519ACA2F600758648;
					};
				};
			};
			buildConfigurationList = 541E10E119ACA2F600758648 /* Build configuration list for PBXProject "poapp" */;
			compatibilityVersion = "Xcode 3.2";
			developmentRegion = English;
			hasScannedForEncodings = 0;
			knownRegions = (
				en,
			);
			mainGroup = 541E10DD19ACA2F600758648;
			productRefGroup = 541E10E719ACA2F600758648 /* Products */;
			projectDirPath = "";
			projectRoot = "";
			targets = (
				541E10E519ACA2F600758648 /* poapp */,
				541E110019ACA2F600758648 /* poappTests */,
			);
		};
/* End PBXProject section */

/* Begin PBXResourcesBuildPhase section */
		541E10E419ACA2F600758648 /* Resources */ = {
			isa = PBXResourcesBuildPhase;
			buildActionMask = 2147483647;
			files = (
				541E10F419ACA2F600758648 /* InfoPlist.strings in Resources */,
				541E10FC19ACA2F600758648 /* Images.xcassets in Resources */,
				540A5C4119ACAA4F00D46573 /* Storyboard.storyboard in Resources */,
			);
			runOnlyForDeploymentPostprocessing = 0;
		};
		541E10FF19ACA2F600758648 /* Resources */ = {
			isa = PBXResourcesBuildPhase;
			buildActionMask = 2147483647;
			files = (
				541E110D19ACA2F600758648 /* InfoPlist.strings in Resources */,
			);
			runOnlyForDeploymentPostprocessing = 0;
		};
/* End PBXResourcesBuildPhase section */

/* Begin PBXSourcesBuildPhase section */
		541E10E219ACA2F600758648 /* Sources */ = {
			isa = PBXSourcesBuildPhase;
			buildActionMask = 2147483647;
			files = (
				541E10FA19ACA2F600758648 /* AppDelegate.m in Sources */,
				540A5C4419ACB15000D46573 /* ScanViewController.m in Sources */,
				541E10F619ACA2F600758648 /* main.m in Sources */,
				54D41C2E19ADF25400E72677 /* Products.xcdatamodeld in Sources */,
				540A5C4719AD1B4100D46573 /* MainViewController.m in Sources */,
				546AFA2C19AF4B1B0000FC87 /* ProductTableViewController.m in Sources */,
			);
			runOnlyForDeploymentPostprocessing = 0;
		};
		541E10FD19ACA2F600758648 /* Sources */ = {
			isa = PBXSourcesBuildPhase;
			buildActionMask = 2147483647;
			files = (
				541E110F19ACA2F600758648 /* poappTests.m in Sources */,
			);
			runOnlyForDeploymentPostprocessing = 0;
		};
/* End PBXSourcesBuildPhase section */

/* Begin PBXTargetDependency section */
		541E110719ACA2F600758648 /* PBXTargetDependency */ = {
			isa = PBXTargetDependency;
			target = 541E10E519ACA2F600758648 /* poapp */;
			targetProxy = 541E110619ACA2F600758648 /* PBXContainerItemProxy */;
		};
/* End PBXTargetDependency section */

/* Begin PBXVariantGroup section */
		541E10F219ACA2F600758648 /* InfoPlist.strings */ = {
			isa = PBXVariantGroup;
			children = (
				541E10F319ACA2F600758648 /* en */,
			);
			name = InfoPlist.strings;
			sourceTree = "<group>";
		};
		541E110B19ACA2F600758648 /* InfoPlist.strings */ = {
			isa = PBXVariantGroup;
			children = (
				541E110C19ACA2F600758648 /* en */,
			);
			name = InfoPlist.strings;
			sourceTree = "<group>";
		};
/* End PBXVariantGroup section */

/* Begin XCBuildConfiguration section */
		541E111019ACA2F600758648 /* Debug */ = {
			isa = XCBuildConfiguration;
			buildSettings = {
				ALWAYS_SEARCH_USER_PATHS = NO;
				CLANG_CXX_LANGUAGE_STANDARD = "gnu++0x";
				CLANG_CXX_LIBRARY = "libc++";
				CLANG_ENABLE_MODULES = YES;
				CLANG_ENABLE_OBJC_ARC = YES;
				CLANG_WARN_BOOL_CONVERSION = YES;
				CLANG_WARN_CONSTANT_CONVERSION = YES;
				CLANG_WARN_DIRECT_OBJC_ISA_USAGE = YES_ERROR;
				CLANG_WARN_EMPTY_BODY = YES;
				CLANG_WARN_ENUM_CONVERSION = YES;
				CLANG_WARN_INT_CONVERSION = YES;
				CLANG_WARN_OBJC_ROOT_CLASS = YES_ERROR;
				CLANG_WARN__DUPLICATE_METHOD_MATCH = YES;
				"CODE_SIGN_IDENTITY[sdk=iphoneos*]" = "iPhone Developer";
				COPY_PHASE_STRIP = NO;
				GCC_C_LANGUAGE_STANDARD = gnu99;
				GCC_DYNAMIC_NO_PIC = NO;
				GCC_OPTIMIZATION_LEVEL = 0;
				GCC_PREPROCESSOR_DEFINITIONS = (
					"DEBUG=1",
					"$(inherited)",
				);
				GCC_SYMBOLS_PRIVATE_EXTERN = NO;
				GCC_WARN_64_TO_32_BIT_CONVERSION = YES;
				GCC_WARN_ABOUT_RETURN_TYPE = YES_ERROR;
				GCC_WARN_UNDECLARED_SELECTOR = YES;
				GCC_WARN_UNINITIALIZED_AUTOS = YES_AGGRESSIVE;
				GCC_WARN_UNUSED_FUNCTION = YES;
				GCC_WARN_UNUSED_VARIABLE = YES;
				IPHONEOS_DEPLOYMENT_TARGET = 7.1;
				ONLY_ACTIVE_ARCH = YES;
				SDKROOT = iphoneos;
				TARGETED_DEVICE_FAMILY = "1,2";
			};
			name = Debug;
		};
		541E111119ACA2F600758648 /* Release */ = {
			isa = XCBuildConfiguration;
			buildSettings = {
				ALWAYS_SEARCH_USER_PATHS = NO;
				CLANG_CXX_LANGUAGE_STANDARD = "gnu++0x";
				CLANG_CXX_LIBRARY = "libc++";
				CLANG_ENABLE_MODULES = YES;
				CLANG_ENABLE_OBJC_ARC = YES;
				CLANG_WARN_BOOL_CONVERSION = YES;
				CLANG_WARN_CONSTANT_CONVERSION = YES;
				CLANG_WARN_DIRECT_OBJC_ISA_USAGE = YES_ERROR;
				CLANG_WARN_EMPTY_BODY = YES;
				CLANG_WARN_ENUM_CONVERSION = YES;
				CLANG_WARN_INT_CONVERSION = YES;
				CLANG_WARN_OBJC_ROOT_CLASS = YES_ERROR;
				CLANG_WARN__DUPLICATE_METHOD_MATCH = YES;
				"CODE_SIGN_IDENTITY[sdk=iphoneos*]" = "iPhone Developer";
				COPY_PHASE_STRIP = YES;
				ENABLE_NS_ASSERTIONS = NO;
				GCC_C_LANGUAGE_STANDARD = gnu99;
				GCC_WARN_64_TO_32_BIT_CONVERSION = YES;
				GCC_WARN_ABOUT_RETURN_TYPE = YES_ERROR;
				GCC_WARN_UNDECLARED_SELECTOR = YES;
				GCC_WARN_UNINITIALIZED_AUTOS = YES_AGGRESSIVE;
				GCC_WARN_UNUSED_FUNCTION = YES;
				GCC_WARN_UNUSED_VARIABLE = YES;
				IPHONEOS_DEPLOYMENT_TARGET = 7.1;
				SDKROOT = iphoneos;
				TARGETED_DEVICE_FAMILY = "1,2";
				VALIDATE_PRODUCT = YES;
			};
			name = Release;
		};
		541E111319ACA2F600758648 /* Debug */ = {
			isa = XCBuildConfiguration;
			buildSettings = {
				ASSETCATALOG_COMPILER_APPICON_NAME = AppIcon;
				ASSETCATALOG_COMPILER_LAUNCHIMAGE_NAME = LaunchImage;
				GCC_PRECOMPILE_PREFIX_HEADER = YES;
				GCC_PREFIX_HEADER = "poapp/poapp-Prefix.pch";
				INFOPLIST_FILE = "poapp/poapp-Info.plist";
				PRODUCT_NAME = "$(TARGET_NAME)";
				WRAPPER_EXTENSION = app;
			};
			name = Debug;
		};
		541E111419ACA2F600758648 /* Release */ = {
			isa = XCBuildConfiguration;
			buildSettings = {
				ASSETCATALOG_COMPILER_APPICON_NAME = AppIcon;
				ASSETCATALOG_COMPILER_LAUNCHIMAGE_NAME = LaunchImage;
				GCC_PRECOMPILE_PREFIX_HEADER = YES;
				GCC_PREFIX_HEADER = "poapp/poapp-Prefix.pch";
				INFOPLIST_FILE = "poapp/poapp-Info.plist";
				PRODUCT_NAME = "$(TARGET_NAME)";
				WRAPPER_EXTENSION = app;
			};
			name = Release;
		};
		541E111619ACA2F600758648 /* Debug */ = {
			isa = XCBuildConfiguration;
			buildSettings = {
				BUNDLE_LOADER = "$(BUILT_PRODUCTS_DIR)/poapp.app/poapp";
				FRAMEWORK_SEARCH_PATHS = (
					"$(SDKROOT)/Developer/Library/Frameworks",
					"$(inherited)",
					"$(DEVELOPER_FRAMEWORKS_DIR)",
				);
				GCC_PRECOMPILE_PREFIX_HEADER = YES;
				GCC_PREFIX_HEADER = "poapp/poapp-Prefix.pch";
				GCC_PREPROCESSOR_DEFINITIONS = (
					"DEBUG=1",
					"$(inherited)",
				);
				INFOPLIST_FILE = "poappTests/poappTests-Info.plist";
				PRODUCT_NAME = "$(TARGET_NAME)";
				TEST_HOST = "$(BUNDLE_LOADER)";
				WRAPPER_EXTENSION = xctest;
			};
			name = Debug;
		};
		541E111719ACA2F600758648 /* Release */ = {
			isa = XCBuildConfiguration;
			buildSettings = {
				BUNDLE_LOADER = "$(BUILT_PRODUCTS_DIR)/poapp.app/poapp";
				FRAMEWORK_SEARCH_PATHS = (
					"$(SDKROOT)/Developer/Library/Frameworks",
					"$(inherited)",
					"$(DEVELOPER_FRAMEWORKS_DIR)",
				);
				GCC_PRECOMPILE_PREFIX_HEADER = YES;
				GCC_PREFIX_HEADER = "poapp/poapp-Prefix.pch";
				INFOPLIST_FILE = "poappTests/poappTests-Info.plist";
				PRODUCT_NAME = "$(TARGET_NAME)";
				TEST_HOST = "$(BUNDLE_LOADER)";
				WRAPPER_EXTENSION = xctest;
			};
			name = Release;
		};
/* End XCBuildConfiguration section */

/* Begin XCConfigurationList section */
		541E10E119ACA2F600758648 /* Build configuration list for PBXProject "poapp" */ = {
			isa = XCConfigurationList;
			buildConfigurations = (
				541E111019ACA2F600758648 /* Debug */,
				541E111119ACA2F600758648 /* Release */,
			);
			defaultConfigurationIsVisible = 0;
			defaultConfigurationName = Release;
		};
		541E111219ACA2F600758648 /* Build configuration list for PBXNativeTarget "poapp" */ = {
			isa = XCConfigurationList;
			buildConfigurations = (
				541E111319ACA2F600758648 /* Debug */,
				541E111419ACA2F600758648 /* Release */,
			);
			defaultConfigurationIsVisible = 0;
			defaultConfigurationName = Release;
		};
		541E111519ACA2F600758648 /* Build configuration list for PBXNativeTarget "poappTests" */ = {
			isa = XCConfigurationList;
			buildConfigurations = (
				541E111619ACA2F600758648 /* Debug */,
				541E111719ACA2F600758648 /* Release */,
			);
			defaultConfigurationIsVisible = 0;
			defaultConfigurationName = Release;
		};
/* End XCConfigurationList section */

/* Begin XCVersionGroup section */
		54D41C2C19ADF25400E72677 /* Products.xcdatamodeld */ = {
			isa = XCVersionGroup;
			children = (
				54D41C2D19ADF25400E72677 /* Products.xcdatamodel */,
			);
			currentVersion = 54D41C2D19ADF25400E72677 /* Products.xcdatamodel */;
			path = Products.xcdatamodeld;
			sourceTree = "<group>";
			versionGroupType = wrapper.xcdatamodel;
		};
/* End XCVersionGroup section */
	};
	rootObject = 541E10DE19ACA2F600758648 /* Project object */;
}
